
Microsoft Visual Studio Solution File, Format Version 12.00
# Visual Studio Version 17
VisualStudioVersion = 17.5.33414.496
MinimumVisualStudioVersion = 10.0.40219.1
Project("{FAE04EC0-301F-11D3-BF4B-00C04F79EFBC}") = "SerializarXML", "SerializarXML\SerializarXML.csproj", "{F52BDDD6-C8C4-4499-8EC9-BCDE48643972}"
EndProject
Project("{FAE04EC0-301F-11D3-BF4B-00C04F79EFBC}") = "Library", "Library\Library.csproj", "{267A187F-0930-4A8F-9BC4-047853091BE2}"
EndProject
Global
	GlobalSection(SolutionConfigurationPlatforms) = preSolution
		Debug|Any CPU = Debug|Any CPU
		Release|Any CPU = Release|Any CPU
	EndGlobalSection
	GlobalSection(ProjectConfigurationPlatforms) = postSolution
		{F52BDDD6-C8C4-4499-8EC9-BCDE48643972}.Debug|Any CPU.ActiveCfg = Debug|Any CPU
		{F52BDDD6-C8C4-4499-8EC9-BCDE48643972}.Debug|Any CPU.Build.0 = Debug|Any CPU
		{F52BDDD6-C8C4-4499-8EC9-BCDE48643972}.Release|Any CPU.ActiveCfg = Release|Any CPU
		{F52BDDD6-C8C4-4499-8EC9-BCDE48643972}.Release|Any CPU.Build.0 = Release|Any CPU
		{267A187F-0930-4A8F-9BC4-047853091BE2}.Debug|Any CPU.ActiveCfg = Debug|Any CPU
		{267A187F-0930-4A8F-9BC4-047853091BE2}.Debug|Any CPU.Build.0 = Debug|Any CPU
		{267A187F-0930-4A8F-9BC4-047853091BE2}.Release|Any CPU.ActiveCfg = Release|Any CPU
		{267A187F-0930-4A8F-9BC4-047853091BE2}.Release|Any CPU.Build.0 = Release|Any CPU
	EndGlobalSection
	GlobalSection(SolutionProperties) = preSolution
		HideSolutionNode = FALSE
	EndGlobalSection
	GlobalSection(ExtensibilityGlobals) = postSolution
		SolutionGuid = {80D2608F-9B10-4153-9A18-B97E767AB6C2}
	EndGlobalSection
EndGlobal
