
Microsoft Visual Studio Solution File, Format Version 12.00
# Visual Studio Version 17
VisualStudioVersion = 17.5.33414.496
MinimumVisualStudioVersion = 10.0.40219.1
Project("{FAE04EC0-301F-11D3-BF4B-00C04F79EFBC}") = "SerializarJSON", "SerializarJSON\SerializarJSON.csproj", "{3A570400-B135-4758-80DB-4E096759C856}"
EndProject
Project("{FAE04EC0-301F-11D3-BF4B-00C04F79EFBC}") = "Library", "Library\Library.csproj", "{F8B1D0DB-EBF4-4760-BFF3-0BBB1519F2C4}"
EndProject
Global
	GlobalSection(SolutionConfigurationPlatforms) = preSolution
		Debug|Any CPU = Debug|Any CPU
		Release|Any CPU = Release|Any CPU
	EndGlobalSection
	GlobalSection(ProjectConfigurationPlatforms) = postSolution
		{3A570400-B135-4758-80DB-4E096759C856}.Debug|Any CPU.ActiveCfg = Debug|Any CPU
		{3A570400-B135-4758-80DB-4E096759C856}.Debug|Any CPU.Build.0 = Debug|Any CPU
		{3A570400-B135-4758-80DB-4E096759C856}.Release|Any CPU.ActiveCfg = Release|Any CPU
		{3A570400-B135-4758-80DB-4E096759C856}.Release|Any CPU.Build.0 = Release|Any CPU
		{F8B1D0DB-EBF4-4760-BFF3-0BBB1519F2C4}.Debug|Any CPU.ActiveCfg = Debug|Any CPU
		{F8B1D0DB-EBF4-4760-BFF3-0BBB1519F2C4}.Debug|Any CPU.Build.0 = Debug|Any CPU
		{F8B1D0DB-EBF4-4760-BFF3-0BBB1519F2C4}.Release|Any CPU.ActiveCfg = Release|Any CPU
		{F8B1D0DB-EBF4-4760-BFF3-0BBB1519F2C4}.Release|Any CPU.Build.0 = Release|Any CPU
	EndGlobalSection
	GlobalSection(SolutionProperties) = preSolution
		HideSolutionNode = FALSE
	EndGlobalSection
	GlobalSection(ExtensibilityGlobals) = postSolution
		SolutionGuid = {E607436A-8E33-44C6-BA65-FAB24DB8AE72}
	EndGlobalSection
EndGlobal
